// !$*UTF8*$!
{
	archiveVersion = 1;
	classes = {
	};
	objectVersion = 46;
	objects = {

/* Begin PBXBuildFile section */
		E8F0B4B61BAC5B98003BF22E /* main.m in Sources */ = {isa = PBXBuildFile; fileRef = E8F0B4B51BAC5B98003BF22E /* main.m */; };
		E8F0B4B91BAC5B98003BF22E /* AppDelegate.m in Sources */ = {isa = PBXBuildFile; fileRef = E8F0B4B81BAC5B98003BF22E /* AppDelegate.m */; };
		E8F0B4BC1BAC5B98003BF22E /* ViewController.m in Sources */ = {isa = PBXBuildFile; fileRef = E8F0B4BB1BAC5B98003BF22E /* ViewController.m */; };
		E8F0B4BF1BAC5B98003BF22E /* Main.storyboard in Resources */ = {isa = PBXBuildFile; fileRef = E8F0B4BD1BAC5B98003BF22E /* Main.storyboard */; };
		E8F0B4C11BAC5B98003BF22E /* Images.xcassets in Resources */ = {isa = PBXBuildFile; fileRef = E8F0B4C01BAC5B98003BF22E /* Images.xcassets */; };
		E8F0B4C41BAC5B98003BF22E /* LaunchScreen.xib in Resources */ = {isa = PBXBuildFile; fileRef = E8F0B4C21BAC5B98003BF22E /* LaunchScreen.xib */; };
		E8F0B4D01BAC5B98003BF22E /* TestOfTestTests.m in Sources */ = {isa = PBXBuildFile; fileRef = E8F0B4CF1BAC5B98003BF22E /* TestOfTestTests.m */; };
		E8F0B4DB1BAC5BBE003BF22E /* TestsObject.m in Sources */ = {isa = PBXBuildFile; fileRef = E8F0B4DA1BAC5BBE003BF22E /* TestsObject.m */; };
		E8F0B4DD1BAC5F78003BF22E /* TestsObjectTest.m in Sources */ = {isa = PBXBuildFile; fileRef = E8F0B4DC1BAC5F78003BF22E /* TestsObjectTest.m */; };
/* End PBXBuildFile section */

/* Begin PBXContainerItemProxy section */
		E8F0B4CA1BAC5B98003BF22E /* PBXContainerItemProxy */ = {
			isa = PBXContainerItemProxy;
			containerPortal = E8F0B4A81BAC5B98003BF22E /* Project object */;
			proxyType = 1;
			remoteGlobalIDString = E8F0B4AF1BAC5B98003BF22E;
			remoteInfo = TestOfTest;
		};
/* End PBXContainerItemProxy section */

/* Begin PBXFileReference section */
		E8F0B4B01BAC5B98003BF22E /* TestOfTest.app */ = {isa = PBXFileReference; explicitFileType = wrapper.application; includeInIndex = 0; path = TestOfTest.app; sourceTree = BUILT_PRODUCTS_DIR; };
		E8F0B4B41BAC5B98003BF22E /* Info.plist */ = {isa = PBXFileReference; lastKnownFileType = text.plist.xml; path = Info.plist; sourceTree = "<group>"; };
		E8F0B4B51BAC5B98003BF22E /* main.m */ = {isa = PBXFileReference; lastKnownFileType = sourcecode.c.objc; path = main.m; sourceTree = "<group>"; };
		E8F0B4B71BAC5B98003BF22E /* AppDelegate.h */ = {isa = PBXFileReference; lastKnownFileType = sourcecode.c.h; path = AppDelegate.h; sourceTree = "<group>"; };
		E8F0B4B81BAC5B98003BF22E /* AppDelegate.m */ = {isa = PBXFileReference; lastKnownFileType = sourcecode.c.objc; path = AppDelegate.m; sourceTree = "<group>"; };
		E8F0B4BA1BAC5B98003BF22E /* ViewController.h */ = {isa = PBXFileReference; lastKnownFileType = sourcecode.c.h; path = ViewController.h; sourceTree = "<group>"; };
		E8F0B4BB1BAC5B98003BF22E /* ViewController.m */ = {isa = PBXFileReference; lastKnownFileType = sourcecode.c.objc; path = ViewController.m; sourceTree = "<group>"; };
		E8F0B4BE1BAC5B98003BF22E /* Base */ = {isa = PBXFileReference; lastKnownFileType = file.storyboard; name = Base; path = Base.lproj/Main.storyboard; sourceTree = "<group>"; };
		E8F0B4C01BAC5B98003BF22E /* Images.xcassets */ = {isa = PBXFileReference; lastKnownFileType = folder.assetcatalog; path = Images.xcassets; sourceTree = "<group>"; };
		E8F0B4C31BAC5B98003BF22E /* Base */ = {isa = PBXFileReference; lastKnownFileType = file.xib; name = Base; path = Base.lproj/LaunchScreen.xib; sourceTree = "<group>"; };
		E8F0B4C91BAC5B98003BF22E /* TestOfTestTests.xctest */ = {isa = PBXFileReference; explicitFileType = wrapper.cfbundle; includeInIndex = 0; path = TestOfTestTests.xctest; sourceTree = BUILT_PRODUCTS_DIR; };
		E8F0B4CE1BAC5B98003BF22E /* Info.plist */ = {isa = PBXFileReference; lastKnownFileType = text.plist.xml; path = Info.plist; sourceTree = "<group>"; };
		E8F0B4CF1BAC5B98003BF22E /* TestOfTestTests.m */ = {isa = PBXFileReference; lastKnownFileType = sourcecode.c.objc; path = TestOfTestTests.m; sourceTree = "<group>"; };
		E8F0B4D91BAC5BBE003BF22E /* TestsObject.h */ = {isa = PBXFileReference; fileEncoding = 4; lastKnownFileType = sourcecode.c.h; path = TestsObject.h; sourceTree = "<group>"; };
		E8F0B4DA1BAC5BBE003BF22E /* TestsObject.m */ = {isa = PBXFileReference; fileEncoding = 4; lastKnownFileType = sourcecode.c.objc; path = TestsObject.m; sourceTree = "<group>"; };
		E8F0B4DC1BAC5F78003BF22E /* TestsObjectTest.m */ = {isa = PBXFileReference; fileEncoding = 4; lastKnownFileType = sourcecode.c.objc; path = TestsObjectTest.m; sourceTree = "<group>"; };
/* End PBXFileReference section */

/* Begin PBXFrameworksBuildPhase section */
		E8F0B4AD1BAC5B98003BF22E /* Frameworks */ = {
			isa = PBXFrameworksBuildPhase;
			buildActionMask = 2147483647;
			files = (
			);
			runOnlyForDeploymentPostprocessing = 0;
		};
		E8F0B4C61BAC5B98003BF22E /* Frameworks */ = {
			isa = PBXFrameworksBuildPhase;
			buildActionMask = 2147483647;
			files = (
			);
			runOnlyForDeploymentPostprocessing = 0;
		};
/* End PBXFrameworksBuildPhase section */

/* Begin PBXGroup section */
		E8F0B4A71BAC5B98003BF22E = {
			isa = PBXGroup;
			children = (
				E8F0B4B21BAC5B98003BF22E /* TestOfTest */,
				E8F0B4CC1BAC5B98003BF22E /* TestOfTestTests */,
				E8F0B4B11BAC5B98003BF22E /* Products */,
			);
			sourceTree = "<group>";
		};
		E8F0B4B11BAC5B98003BF22E /* Products */ = {
			isa = PBXGroup;
			children = (
				E8F0B4B01BAC5B98003BF22E /* TestOfTest.app */,
				E8F0B4C91BAC5B98003BF22E /* TestOfTestTests.xctest */,
			);
			name = Products;
			sourceTree = "<group>";
		};
		E8F0B4B21BAC5B98003BF22E /* TestOfTest */ = {
			isa = PBXGroup;
			children = (
				E8F0B4B71BAC5B98003BF22E /* AppDelegate.h */,
				E8F0B4B81BAC5B98003BF22E /* AppDelegate.m */,
				E8F0B4BA1BAC5B98003BF22E /* ViewController.h */,
				E8F0B4BB1BAC5B98003BF22E /* ViewController.m */,
				E8F0B4BD1BAC5B98003BF22E /* Main.storyboard */,
				E8F0B4C01BAC5B98003BF22E /* Images.xcassets */,
				E8F0B4C21BAC5B98003BF22E /* LaunchScreen.xib */,
				E8F0B4B31BAC5B98003BF22E /* Supporting Files */,
				E8F0B4D91BAC5BBE003BF22E /* TestsObject.h */,
				E8F0B4DA1BAC5BBE003BF22E /* TestsObject.m */,
				E8F0B4DC1BAC5F78003BF22E /* TestsObjectTest.m */,
			);
			path = TestOfTest;
			sourceTree = "<group>";
		};
		E8F0B4B31BAC5B98003BF22E /* Supporting Files */ = {
			isa = PBXGroup;
			children = (
				E8F0B4B41BAC5B98003BF22E /* Info.plist */,
				E8F0B4B51BAC5B98003BF22E /* main.m */,
			);
			name = "Supporting Files";
			sourceTree = "<group>";
		};
		E8F0B4CC1BAC5B98003BF22E /* TestOfTestTests */ = {
			isa = PBXGroup;
			children = (
				E8F0B4CF1BAC5B98003BF22E /* TestOfTestTests.m */,
				E8F0B4CD1BAC5B98003BF22E /* Supporting Files */,
			);
			path = TestOfTestTests;
			sourceTree = "<group>";
		};
		E8F0B4CD1BAC5B98003BF22E /* Supporting Files */ = {
			isa = PBXGroup;
			children = (
				E8F0B4CE1BAC5B98003BF22E /* Info.plist */,
			);
			name = "Supporting Files";
			sourceTree = "<group>";
		};
/* End PBXGroup section */

/* Begin PBXNativeTarget section */
		E8F0B4AF1BAC5B98003BF22E /* TestOfTest */ = {
			isa = PBXNativeTarget;
			buildConfigurationList = E8F0B4D31BAC5B98003BF22E /* Build configuration list for PBXNativeTarget "TestOfTest" */;
			buildPhases = (
				E8F0B4AC1BAC5B98003BF22E /* Sources */,
				E8F0B4AD1BAC5B98003BF22E /* Frameworks */,
				E8F0B4AE1BAC5B98003BF22E /* Resources */,
			);
			buildRules = (
			);
			dependencies = (
			);
			name = TestOfTest;
			productName = TestOfTest;
			productReference = E8F0B4B01BAC5B98003BF22E /* TestOfTest.app */;
			productType = "com.apple.product-type.application";
		};
		E8F0B4C81BAC5B98003BF22E /* TestOfTestTests */ = {
			isa = PBXNativeTarget;
			buildConfigurationList = E8F0B4D61BAC5B98003BF22E /* Build configuration list for PBXNativeTarget "TestOfTestTests" */;
			buildPhases = (
				E8F0B4C51BAC5B98003BF22E /* Sources */,
				E8F0B4C61BAC5B98003BF22E /* Frameworks */,
				E8F0B4C71BAC5B98003BF22E /* Resources */,
			);
			buildRules = (
			);
			dependencies = (
				E8F0B4CB1BAC5B98003BF22E /* PBXTargetDependency */,
			);
			name = TestOfTestTests;
			productName = TestOfTestTests;
			productReference = E8F0B4C91BAC5B98003BF22E /* TestOfTestTests.xctest */;
			productType = "com.apple.product-type.bundle.unit-test";
		};
/* End PBXNativeTarget section */

/* Begin PBXProject section */
		E8F0B4A81BAC5B98003BF22E /* Project object */ = {
			isa = PBXProject;
			attributes = {
				LastUpgradeCheck = 0640;
				ORGANIZATIONNAME = "Robert Łabuś";
				TargetAttributes = {
					E8F0B4AF1BAC5B98003BF22E = {
						CreatedOnToolsVersion = 6.4;
					};
					E8F0B4C81BAC5B98003BF22E = {
						CreatedOnToolsVersion = 6.4;
						TestTargetID = E8F0B4AF1BAC5B98003BF22E;
					};
				};
			};
			buildConfigurationList = E8F0B4AB1BAC5B98003BF22E /* Build configuration list for PBXProject "TestOfTest" */;
			compatibilityVersion = "Xcode 3.2";
			developmentRegion = English;
			hasScannedForEncodings = 0;
			knownRegions = (
				en,
				Base,
			);
			mainGroup = E8F0B4A71BAC5B98003BF22E;
			productRefGroup = E8F0B4B11BAC5B98003BF22E /* Products */;
			projectDirPath = "";
			projectRoot = "";
			targets = (
				E8F0B4AF1BAC5B98003BF22E /* TestOfTest */,
				E8F0B4C81BAC5B98003BF22E /* TestOfTestTests */,
			);
		};
/* End PBXProject section */

/* Begin PBXResourcesBuildPhase section */
		E8F0B4AE1BAC5B98003BF22E /* Resources */ = {
			isa = PBXResourcesBuildPhase;
			buildActionMask = 2147483647;
			files = (
				E8F0B4BF1BAC5B98003BF22E /* Main.storyboard in Resources */,
				E8F0B4C41BAC5B98003BF22E /* LaunchScreen.xib in Resources */,
				E8F0B4C11BAC5B98003BF22E /* Images.xcassets in Resources */,
			);
			runOnlyForDeploymentPostprocessing = 0;
		};
		E8F0B4C71BAC5B98003BF22E /* Resources */ = {
			isa = PBXResourcesBuildPhase;
			buildActionMask = 2147483647;
			files = (
			);
			runOnlyForDeploymentPostprocessing = 0;
		};
/* End PBXResourcesBuildPhase section */

/* Begin PBXSourcesBuildPhase section */
		E8F0B4AC1BAC5B98003BF22E /* Sources */ = {
			isa = PBXSourcesBuildPhase;
			buildActionMask = 2147483647;
			files = (
				E8F0B4BC1BAC5B98003BF22E /* ViewController.m in Sources */,
				E8F0B4B91BAC5B98003BF22E /* AppDelegate.m in Sources */,
				E8F0B4DB1BAC5BBE003BF22E /* TestsObject.m in Sources */,
				E8F0B4B61BAC5B98003BF22E /* main.m in Sources */,
			);
			runOnlyForDeploymentPostprocessing = 0;
		};
		E8F0B4C51BAC5B98003BF22E /* Sources */ = {
			isa = PBXSourcesBuildPhase;
			buildActionMask = 2147483647;
			files = (
				E8F0B4DD1BAC5F78003BF22E /* TestsObjectTest.m in Sources */,
				E8F0B4D01BAC5B98003BF22E /* TestOfTestTests.m in Sources */,
			);
			runOnlyForDeploymentPostprocessing = 0;
		};
/* End PBXSourcesBuildPhase section */

/* Begin PBXTargetDependency section */
		E8F0B4CB1BAC5B98003BF22E /* PBXTargetDependency */ = {
			isa = PBXTargetDependency;
			target = E8F0B4AF1BAC5B98003BF22E /* TestOfTest */;
			targetProxy = E8F0B4CA1BAC5B98003BF22E /* PBXContainerItemProxy */;
		};
/* End PBXTargetDependency section */

/* Begin PBXVariantGroup section */
		E8F0B4BD1BAC5B98003BF22E /* Main.storyboard */ = {
			isa = PBXVariantGroup;
			children = (
				E8F0B4BE1BAC5B98003BF22E /* Base */,
			);
			name = Main.storyboard;
			sourceTree = "<group>";
		};
		E8F0B4C21BAC5B98003BF22E /* LaunchScreen.xib */ = {
			isa = PBXVariantGroup;
			children = (
				E8F0B4C31BAC5B98003BF22E /* Base */,
			);
			name = LaunchScreen.xib;
			sourceTree = "<group>";
		};
/* End PBXVariantGroup section */

/* Begin XCBuildConfiguration section */
		E8F0B4D11BAC5B98003BF22E /* Debug */ = {
			isa = XCBuildConfiguration;
			buildSettings = {
				ALWAYS_SEARCH_USER_PATHS = NO;
				CLANG_CXX_LANGUAGE_STANDARD = "gnu++0x";
				CLANG_CXX_LIBRARY = "libc++";
				CLANG_ENABLE_MODULES = YES;
				CLANG_ENABLE_OBJC_ARC = YES;
				CLANG_WARN_BOOL_CONVERSION = YES;
				CLANG_WARN_CONSTANT_CONVERSION = YES;
				CLANG_WARN_DIRECT_OBJC_ISA_USAGE = YES_ERROR;
				CLANG_WARN_EMPTY_BODY = YES;
				CLANG_WARN_ENUM_CONVERSION = YES;
				CLANG_WARN_INT_CONVERSION = YES;
				CLANG_WARN_OBJC_ROOT_CLASS = YES_ERROR;
				CLANG_WARN_UNREACHABLE_CODE = YES;
				CLANG_WARN__DUPLICATE_METHOD_MATCH = YES;
				"CODE_SIGN_IDENTITY[sdk=iphoneos*]" = "iPhone Developer";
				COPY_PHASE_STRIP = NO;
				DEBUG_INFORMATION_FORMAT = "dwarf-with-dsym";
				ENABLE_STRICT_OBJC_MSGSEND = YES;
				GCC_C_LANGUAGE_STANDARD = gnu99;
				GCC_DYNAMIC_NO_PIC = NO;
				GCC_NO_COMMON_BLOCKS = YES;
				GCC_OPTIMIZATION_LEVEL = 0;
				GCC_PREPROCESSOR_DEFINITIONS = (
					"DEBUG=1",
					"$(inherited)",
				);
				GCC_SYMBOLS_PRIVATE_EXTERN = NO;
				GCC_WARN_64_TO_32_BIT_CONVERSION = YES;
				GCC_WARN_ABOUT_RETURN_TYPE = YES_ERROR;
				GCC_WARN_UNDECLARED_SELECTOR = YES;
				GCC_WARN_UNINITIALIZED_AUTOS = YES_AGGRESSIVE;
				GCC_WARN_UNUSED_FUNCTION = YES;
				GCC_WARN_UNUSED_VARIABLE = YES;
				IPHONEOS_DEPLOYMENT_TARGET = 8.4;
				MTL_ENABLE_DEBUG_INFO = YES;
				ONLY_ACTIVE_ARCH = YES;
				SDKROOT = iphoneos;
				TARGETED_DEVICE_FAMILY = "1,2";
			};
			name = Debug;
		};
		E8F0B4D21BAC5B98003BF22E /* Release */ = {
			isa = XCBuildConfiguration;
			buildSettings = {
				ALWAYS_SEARCH_USER_PATHS = NO;
				CLANG_CXX_LANGUAGE_STANDARD = "gnu++0x";
				CLANG_CXX_LIBRARY = "libc++";
				CLANG_ENABLE_MODULES = YES;
				CLANG_ENABLE_OBJC_ARC = YES;
				CLANG_WARN_BOOL_CONVERSION = YES;
				CLANG_WARN_CONSTANT_CONVERSION = YES;
				CLANG_WARN_DIRECT_OBJC_ISA_USAGE = YES_ERROR;
				CLANG_WARN_EMPTY_BODY = YES;
				CLANG_WARN_ENUM_CONVERSION = YES;
				CLANG_WARN_INT_CONVERSION = YES;
				CLANG_WARN_OBJC_ROOT_CLASS = YES_ERROR;
				CLANG_WARN_UNREACHABLE_CODE = YES;
				CLANG_WARN__DUPLICATE_METHOD_MATCH = YES;
				"CODE_SIGN_IDENTITY[sdk=iphoneos*]" = "iPhone Developer";
				COPY_PHASE_STRIP = NO;
				DEBUG_INFORMATION_FORMAT = "dwarf-with-dsym";
				ENABLE_NS_ASSERTIONS = NO;
				ENABLE_STRICT_OBJC_MSGSEND = YES;
				GCC_C_LANGUAGE_STANDARD = gnu99;
				GCC_NO_COMMON_BLOCKS = YES;
				GCC_WARN_64_TO_32_BIT_CONVERSION = YES;
				GCC_WARN_ABOUT_RETURN_TYPE = YES_ERROR;
				GCC_WARN_UNDECLARED_SELECTOR = YES;
				GCC_WARN_UNINITIALIZED_AUTOS = YES_AGGRESSIVE;
				GCC_WARN_UNUSED_FUNCTION = YES;
				GCC_WARN_UNUSED_VARIABLE = YES;
				IPHONEOS_DEPLOYMENT_TARGET = 8.4;
				MTL_ENABLE_DEBUG_INFO = NO;
				SDKROOT = iphoneos;
				TARGETED_DEVICE_FAMILY = "1,2";
				VALIDATE_PRODUCT = YES;
			};
			name = Release;
		};
		E8F0B4D41BAC5B98003BF22E /* Debug */ = {
			isa = XCBuildConfiguration;
			buildSettings = {
				ASSETCATALOG_COMPILER_APPICON_NAME = AppIcon;
				INFOPLIST_FILE = TestOfTest/Info.plist;
				LD_RUNPATH_SEARCH_PATHS = "$(inherited) @executable_path/Frameworks";
				PRODUCT_NAME = "$(TARGET_NAME)";
			};
			name = Debug;
		};
		E8F0B4D51BAC5B98003BF22E /* Release */ = {
			isa = XCBuildConfiguration;
			buildSettings = {
				ASSETCATALOG_COMPILER_APPICON_NAME = AppIcon;
				INFOPLIST_FILE = TestOfTest/Info.plist;
				LD_RUNPATH_SEARCH_PATHS = "$(inherited) @executable_path/Frameworks";
				PRODUCT_NAME = "$(TARGET_NAME)";
			};
			name = Release;
		};
		E8F0B4D71BAC5B98003BF22E /* Debug */ = {
			isa = XCBuildConfiguration;
			buildSettings = {
				BUNDLE_LOADER = "$(TEST_HOST)";
				FRAMEWORK_SEARCH_PATHS = (
					"$(SDKROOT)/Developer/Library/Frameworks",
					"$(inherited)",
				);
				GCC_PREPROCESSOR_DEFINITIONS = (
					"DEBUG=1",
					"$(inherited)",
				);
				INFOPLIST_FILE = TestOfTestTests/Info.plist;
				LD_RUNPATH_SEARCH_PATHS = "$(inherited) @executable_path/Frameworks @loader_path/Frameworks";
				PRODUCT_NAME = "$(TARGET_NAME)";
				TEST_HOST = "$(BUILT_PRODUCTS_DIR)/TestOfTest.app/TestOfTest";
			};
			name = Debug;
		};
		E8F0B4D81BAC5B98003BF22E /* Release */ = {
			isa = XCBuildConfiguration;
			buildSettings = {
				BUNDLE_LOADER = "$(TEST_HOST)";
				FRAMEWORK_SEARCH_PATHS = (
					"$(SDKROOT)/Developer/Library/Frameworks",
					"$(inherited)",
				);
				INFOPLIST_FILE = TestOfTestTests/Info.plist;
				LD_RUNPATH_SEARCH_PATHS = "$(inherited) @executable_path/Frameworks @loader_path/Frameworks";
				PRODUCT_NAME = "$(TARGET_NAME)";
				TEST_HOST = "$(BUILT_PRODUCTS_DIR)/TestOfTest.app/TestOfTest";
			};
			name = Release;
		};
/* End XCBuildConfiguration section */

/* Begin XCConfigurationList section */
		E8F0B4AB1BAC5B98003BF22E /* Build configuration list for PBXProject "TestOfTest" */ = {
			isa = XCConfigurationList;
			buildConfigurations = (
				E8F0B4D11BAC5B98003BF22E /* Debug */,
				E8F0B4D21BAC5B98003BF22E /* Release */,
			);
			defaultConfigurationIsVisible = 0;
			defaultConfigurationName = Release;
		};
		E8F0B4D31BAC5B98003BF22E /* Build configuration list for PBXNativeTarget "TestOfTest" */ = {
			isa = XCConfigurationList;
			buildConfigurations = (
				E8F0B4D41BAC5B98003BF22E /* Debug */,
				E8F0B4D51BAC5B98003BF22E /* Release */,
			);
			defaultConfigurationIsVisible = 0;
		};
		E8F0B4D61BAC5B98003BF22E /* Build configuration list for PBXNativeTarget "TestOfTestTests" */ = {
			isa = XCConfigurationList;
			buildConfigurations = (
				E8F0B4D71BAC5B98003BF22E /* Debug */,
				E8F0B4D81BAC5B98003BF22E /* Release */,
			);
			defaultConfigurationIsVisible = 0;
		};
/* End XCConfigurationList section */
	};
	rootObject = E8F0B4A81BAC5B98003BF22E /* Project object */;
}
